# This file is automatically @generated by Cargo.
# It is not intended for manual editing.
version = 4

[[package]]
name = "consensus"
version = "0.1.0"
dependencies = [
 "sim",
]

[[package]]
name = "kv"
version = "0.1.0"
dependencies = [
 "consensus",
 "sim",
 "storage",
]

[[package]]
name = "lincheck"
version = "0.1.0"

[[package]]
name = "sim"
version = "0.1.0"

[[package]]
name = "storage"
version = "0.1.0"
